dependencies:
- name: prometheus
  repository: https://prometheus-community.github.io/helm-charts
  version: 25.27.0
- name: clickhouse-serverless
  repository: file://../clickhouse-serverless
  version: 0.2.0
- name: langwatch-gateway
  repository: file://../gateway
  version: 3.5.0
- name: langwatch-langyagent
  repository: file://../langyagent
  version: 3.3.0
digest: sha256:763e36ee4d85807ce658abc08f0d7d33fadd1fcdd6b66ec2932682ef5c735621
generated: "2026-07-11T03:54:23.377345+02:00"
