dependencies:
- name: prometheus
  repository: https://prometheus-community.github.io/helm-charts
  version: 25.27.0
- name: clickhouse-serverless
  repository: file://../clickhouse-serverless
  version: 0.2.0
- name: langwatch-gateway
  repository: file://../gateway
  version: 3.4.1
- name: langwatch-langy-agent
  repository: file://../langy-agent
  version: 3.3.0
digest: sha256:574ae3b8d020547263650cc639c54b8bb7821c25c2bdfe897750c28c1c8b1564
generated: "2026-06-02T14:01:56.141575798+02:00"
