dependencies:
- name: prometheus
  repository: https://prometheus-community.github.io/helm-charts
  version: 25.27.0
- name: clickhouse-serverless
  repository: file://../clickhouse-serverless
  version: 0.1.0
digest: sha256:f5fff13869366f4f35304a29531058b63293906119da0dc5d1e03f391092669f
generated: "2026-04-06T20:18:01.595537+02:00"
